
Microsoft Visual Studio Solution File, Format Version 10.00
# Visual Studio 2008
Project("{2150E333-8FDC-42A3-9474-1A3956D46DE8}") = "国迈科技驱动开发从入门到放弃", "国迈科技驱动开发从入门到放弃", "{2B5A66E8-78E1-4592-8187-801BEA742287}"
EndProject
Project("{2150E333-8FDC-42A3-9474-1A3956D46DE8}") = "Lesson 01：Hello World", "Lesson 01：Hello World", "{C676F3EE-B270-4EBC-8C92-66ED62CD5D28}"
EndProject
Project("{2150E333-8FDC-42A3-9474-1A3956D46DE8}") = "Lesson 02：NT Driver", "Lesson 02：NT Driver", "{BDCC3D7A-68FD-4B69-8648-2C40C0B972AB}"
EndProject
Project("{2150E333-8FDC-42A3-9474-1A3956D46DE8}") = "Lesson 03：WDM Driver", "Lesson 03：WDM Driver", "{B9B2989E-9CE6-464F-9770-77F3357679EE}"
EndProject
Project("{2150E333-8FDC-42A3-9474-1A3956D46DE8}") = "Lesson 04：IRPs", "Lesson 04：IRPs", "{378254AD-E503-4831-9821-B5F6DC9B7F29}"
EndProject
Project("{2150E333-8FDC-42A3-9474-1A3956D46DE8}") = "Lesson 05：Communicate between R3 and R0", "Lesson 05：Communicate between R3 and R0", "{FA464DA5-2CF6-45C2-83E4-C28496EAFDDB}"
EndProject
Project("{2150E333-8FDC-42A3-9474-1A3956D46DE8}") = "Lesson 06：R0's memory", "Lesson 06：R0's memory", "{A341B188-1108-45E5-979C-06CB8E153AB6}"
EndProject
Project("{2150E333-8FDC-42A3-9474-1A3956D46DE8}") = "Lesson 07：R0's linkedlist", "Lesson 07：R0's linkedlist", "{FA174C57-C32E-4D6C-A153-8A138B89244C}"
EndProject
Project("{2150E333-8FDC-42A3-9474-1A3956D46DE8}") = "Lesson 08：R0's synchronization", "Lesson 08：R0's synchronization", "{8C5E3CFA-670B-45B5-963A-ED89185CF84E}"
EndProject
Project("{2150E333-8FDC-42A3-9474-1A3956D46DE8}") = "Lesson 09：R0's timer", "Lesson 09：R0's timer", "{1B8C06FA-CC62-426D-8234-7EF2D54DF059}"
EndProject
Project("{2150E333-8FDC-42A3-9474-1A3956D46DE8}") = "Lesson 10：What is filter driver", "Lesson 10：What is filter driver", "{BD49A9B0-ACF7-4B4D-B9F1-0DB27174C6F7}"
EndProject
Project("{2150E333-8FDC-42A3-9474-1A3956D46DE8}") = "Lesson 11：What is sfilter driver", "Lesson 11：What is sfilter driver", "{B39DF6AA-5746-489C-A816-6F047D35DA37}"
EndProject
Project("{2150E333-8FDC-42A3-9474-1A3956D46DE8}") = "Lesson 12：What is minifilter driver", "Lesson 12：What is minifilter driver", "{DB744659-89E4-4868-BE5B-69D1D633746C}"
EndProject
Project("{2150E333-8FDC-42A3-9474-1A3956D46DE8}") = "The last lesson：How to give it up !", "The last lesson：How to give it up !", "{E6B1DE88-8829-4D61-9E5E-393987CFE271}"
EndProject
Project("{8BC9CEB8-8B4A-11D0-8D11-00A0C91BC942}") = "GMDriverHelloWorld", "Lesson01\GMDriverHelloWorld\GMDriverHelloWorld.vcproj", "{E564A9E3-5DE7-4F41-9BB5-197A0D1302B7}"
EndProject
Project("{8BC9CEB8-8B4A-11D0-8D11-00A0C91BC942}") = "GMDriverNtDriver", "Lesson02\GMDriverNtDriver\GMDriverNtDriver.vcproj", "{060DAA19-53C1-40BD-8995-570B65ACBD6A}"
EndProject
Project("{8BC9CEB8-8B4A-11D0-8D11-00A0C91BC942}") = "GMDriverIRPs", "Lesson04\GMDriverIRPs\GMDriverIRPs.vcproj", "{A5F023C4-A442-4761-9535-5B9A5AF3618A}"
EndProject
Project("{8BC9CEB8-8B4A-11D0-8D11-00A0C91BC942}") = "GMDriverNtDriverInstaller", "Lesson02\GMDriverNtDriverInstaller\GMDriverNtDriverInstaller.vcproj", "{A7E0F490-B0D4-4E64-B484-22A337CDD578}"
EndProject
Project("{8BC9CEB8-8B4A-11D0-8D11-00A0C91BC942}") = "GMDriverIRPsTest", "Lesson04\GMDriverIRPsTest\GMDriverIRPsTest.vcproj", "{685DFF7B-2398-44A1-8423-763665341220}"
EndProject
Project("{8BC9CEB8-8B4A-11D0-8D11-00A0C91BC942}") = "GMDriverCommunicate", "Lesson05\GMDriverCommunicate\GMDriverCommunicate.vcproj", "{2443F790-5FDD-44CD-9498-054FAA00B1FB}"
EndProject
Project("{8BC9CEB8-8B4A-11D0-8D11-00A0C91BC942}") = "GMDriverCommunicateTest", "Lesson05\GMDriverCommunicateTest\GMDriverCommunicateTest.vcproj", "{EBFFAC0E-6A96-48A1-A5B6-0324420D7087}"
EndProject
Project("{8BC9CEB8-8B4A-11D0-8D11-00A0C91BC942}") = "GMMinifilterDriver_01", "Lesson12\GMMinifilterDriver_01\GMMinifilterDriver_01.vcproj", "{E9E968BB-09A4-4668-A030-FC10F809138C}"
EndProject
Global
	GlobalSection(SolutionConfigurationPlatforms) = preSolution
		Debug|Win32 = Debug|Win32
		Release|Win32 = Release|Win32
	EndGlobalSection
	GlobalSection(ProjectConfigurationPlatforms) = postSolution
		{E564A9E3-5DE7-4F41-9BB5-197A0D1302B7}.Debug|Win32.ActiveCfg = Debug|Win32
		{E564A9E3-5DE7-4F41-9BB5-197A0D1302B7}.Debug|Win32.Build.0 = Debug|Win32
		{E564A9E3-5DE7-4F41-9BB5-197A0D1302B7}.Release|Win32.ActiveCfg = Release|Win32
		{E564A9E3-5DE7-4F41-9BB5-197A0D1302B7}.Release|Win32.Build.0 = Release|Win32
		{060DAA19-53C1-40BD-8995-570B65ACBD6A}.Debug|Win32.ActiveCfg = Debug|Win32
		{060DAA19-53C1-40BD-8995-570B65ACBD6A}.Debug|Win32.Build.0 = Debug|Win32
		{060DAA19-53C1-40BD-8995-570B65ACBD6A}.Release|Win32.ActiveCfg = Release|Win32
		{060DAA19-53C1-40BD-8995-570B65ACBD6A}.Release|Win32.Build.0 = Release|Win32
		{A5F023C4-A442-4761-9535-5B9A5AF3618A}.Debug|Win32.ActiveCfg = Debug|Win32
		{A5F023C4-A442-4761-9535-5B9A5AF3618A}.Debug|Win32.Build.0 = Debug|Win32
		{A5F023C4-A442-4761-9535-5B9A5AF3618A}.Release|Win32.ActiveCfg = Release|Win32
		{A5F023C4-A442-4761-9535-5B9A5AF3618A}.Release|Win32.Build.0 = Release|Win32
		{A7E0F490-B0D4-4E64-B484-22A337CDD578}.Debug|Win32.ActiveCfg = Debug|Win32
		{A7E0F490-B0D4-4E64-B484-22A337CDD578}.Debug|Win32.Build.0 = Debug|Win32
		{A7E0F490-B0D4-4E64-B484-22A337CDD578}.Release|Win32.ActiveCfg = Release|Win32
		{A7E0F490-B0D4-4E64-B484-22A337CDD578}.Release|Win32.Build.0 = Release|Win32
		{685DFF7B-2398-44A1-8423-763665341220}.Debug|Win32.ActiveCfg = Debug|Win32
		{685DFF7B-2398-44A1-8423-763665341220}.Debug|Win32.Build.0 = Debug|Win32
		{685DFF7B-2398-44A1-8423-763665341220}.Release|Win32.ActiveCfg = Release|Win32
		{685DFF7B-2398-44A1-8423-763665341220}.Release|Win32.Build.0 = Release|Win32
		{2443F790-5FDD-44CD-9498-054FAA00B1FB}.Debug|Win32.ActiveCfg = Debug|Win32
		{2443F790-5FDD-44CD-9498-054FAA00B1FB}.Debug|Win32.Build.0 = Debug|Win32
		{2443F790-5FDD-44CD-9498-054FAA00B1FB}.Release|Win32.ActiveCfg = Release|Win32
		{2443F790-5FDD-44CD-9498-054FAA00B1FB}.Release|Win32.Build.0 = Release|Win32
		{EBFFAC0E-6A96-48A1-A5B6-0324420D7087}.Debug|Win32.ActiveCfg = Debug|Win32
		{EBFFAC0E-6A96-48A1-A5B6-0324420D7087}.Debug|Win32.Build.0 = Debug|Win32
		{EBFFAC0E-6A96-48A1-A5B6-0324420D7087}.Release|Win32.ActiveCfg = Release|Win32
		{EBFFAC0E-6A96-48A1-A5B6-0324420D7087}.Release|Win32.Build.0 = Release|Win32
		{E9E968BB-09A4-4668-A030-FC10F809138C}.Debug|Win32.ActiveCfg = Debug|Win32
		{E9E968BB-09A4-4668-A030-FC10F809138C}.Debug|Win32.Build.0 = Debug|Win32
		{E9E968BB-09A4-4668-A030-FC10F809138C}.Release|Win32.ActiveCfg = Release|Win32
		{E9E968BB-09A4-4668-A030-FC10F809138C}.Release|Win32.Build.0 = Release|Win32
	EndGlobalSection
	GlobalSection(SolutionProperties) = preSolution
		HideSolutionNode = FALSE
	EndGlobalSection
	GlobalSection(NestedProjects) = preSolution
		{C676F3EE-B270-4EBC-8C92-66ED62CD5D28} = {2B5A66E8-78E1-4592-8187-801BEA742287}
		{BDCC3D7A-68FD-4B69-8648-2C40C0B972AB} = {2B5A66E8-78E1-4592-8187-801BEA742287}
		{B9B2989E-9CE6-464F-9770-77F3357679EE} = {2B5A66E8-78E1-4592-8187-801BEA742287}
		{378254AD-E503-4831-9821-B5F6DC9B7F29} = {2B5A66E8-78E1-4592-8187-801BEA742287}
		{FA464DA5-2CF6-45C2-83E4-C28496EAFDDB} = {2B5A66E8-78E1-4592-8187-801BEA742287}
		{A341B188-1108-45E5-979C-06CB8E153AB6} = {2B5A66E8-78E1-4592-8187-801BEA742287}
		{FA174C57-C32E-4D6C-A153-8A138B89244C} = {2B5A66E8-78E1-4592-8187-801BEA742287}
		{8C5E3CFA-670B-45B5-963A-ED89185CF84E} = {2B5A66E8-78E1-4592-8187-801BEA742287}
		{1B8C06FA-CC62-426D-8234-7EF2D54DF059} = {2B5A66E8-78E1-4592-8187-801BEA742287}
		{BD49A9B0-ACF7-4B4D-B9F1-0DB27174C6F7} = {2B5A66E8-78E1-4592-8187-801BEA742287}
		{B39DF6AA-5746-489C-A816-6F047D35DA37} = {2B5A66E8-78E1-4592-8187-801BEA742287}
		{DB744659-89E4-4868-BE5B-69D1D633746C} = {2B5A66E8-78E1-4592-8187-801BEA742287}
		{E6B1DE88-8829-4D61-9E5E-393987CFE271} = {2B5A66E8-78E1-4592-8187-801BEA742287}
		{E564A9E3-5DE7-4F41-9BB5-197A0D1302B7} = {C676F3EE-B270-4EBC-8C92-66ED62CD5D28}
		{060DAA19-53C1-40BD-8995-570B65ACBD6A} = {BDCC3D7A-68FD-4B69-8648-2C40C0B972AB}
		{A7E0F490-B0D4-4E64-B484-22A337CDD578} = {BDCC3D7A-68FD-4B69-8648-2C40C0B972AB}
		{A5F023C4-A442-4761-9535-5B9A5AF3618A} = {378254AD-E503-4831-9821-B5F6DC9B7F29}
		{685DFF7B-2398-44A1-8423-763665341220} = {378254AD-E503-4831-9821-B5F6DC9B7F29}
		{2443F790-5FDD-44CD-9498-054FAA00B1FB} = {FA464DA5-2CF6-45C2-83E4-C28496EAFDDB}
		{EBFFAC0E-6A96-48A1-A5B6-0324420D7087} = {FA464DA5-2CF6-45C2-83E4-C28496EAFDDB}
		{E9E968BB-09A4-4668-A030-FC10F809138C} = {DB744659-89E4-4868-BE5B-69D1D633746C}
	EndGlobalSection
EndGlobal
